
Microsoft Visual Studio Solution File, Format Version 12.00
# Visual Studio Version 16
VisualStudioVersion = 16.0.30711.63
MinimumVisualStudioVersion = 10.0.40219.1
Project("{FAE04EC0-301F-11D3-BF4B-00C04F79EFBC}") = "ClassMetotDemo", "ClassMetotDemo\ClassMetotDemo.csproj", "{2E796405-8C29-4634-BD43-AB0AF2DA16A0}"
EndProject
Global
	GlobalSection(SolutionConfigurationPlatforms) = preSolution
		Debug|Any CPU = Debug|Any CPU
		Release|Any CPU = Release|Any CPU
	EndGlobalSection
	GlobalSection(ProjectConfigurationPlatforms) = postSolution
		{2E796405-8C29-4634-BD43-AB0AF2DA16A0}.Debug|Any CPU.ActiveCfg = Debug|Any CPU
		{2E796405-8C29-4634-BD43-AB0AF2DA16A0}.Debug|Any CPU.Build.0 = Debug|Any CPU
		{2E796405-8C29-4634-BD43-AB0AF2DA16A0}.Release|Any CPU.ActiveCfg = Release|Any CPU
		{2E796405-8C29-4634-BD43-AB0AF2DA16A0}.Release|Any CPU.Build.0 = Release|Any CPU
	EndGlobalSection
	GlobalSection(SolutionProperties) = preSolution
		HideSolutionNode = FALSE
	EndGlobalSection
	GlobalSection(ExtensibilityGlobals) = postSolution
		SolutionGuid = {6BA6CBEE-5868-48A1-9FFC-E19E876FD471}
	EndGlobalSection
EndGlobal
